
Microsoft Visual Studio Solution File, Format Version 12.00
# Visual Studio 15
VisualStudioVersion = 15.0.28010.2036
MinimumVisualStudioVersion = 10.0.40219.1
Project("{FAE04EC0-301F-11D3-BF4B-00C04F79EFBC}") = "TupleExample", "TupleExample\TupleExample.csproj", "{0AD52BD5-CFE2-46D3-8844-5996C7C6062E}"
EndProject
Global
	GlobalSection(SolutionConfigurationPlatforms) = preSolution
		Debug|Any CPU = Debug|Any CPU
		Release|Any CPU = Release|Any CPU
	EndGlobalSection
	GlobalSection(ProjectConfigurationPlatforms) = postSolution
		{0AD52BD5-CFE2-46D3-8844-5996C7C6062E}.Debug|Any CPU.ActiveCfg = Debug|Any CPU
		{0AD52BD5-CFE2-46D3-8844-5996C7C6062E}.Debug|Any CPU.Build.0 = Debug|Any CPU
		{0AD52BD5-CFE2-46D3-8844-5996C7C6062E}.Release|Any CPU.ActiveCfg = Release|Any CPU
		{0AD52BD5-CFE2-46D3-8844-5996C7C6062E}.Release|Any CPU.Build.0 = Release|Any CPU
	EndGlobalSection
	GlobalSection(SolutionProperties) = preSolution
		HideSolutionNode = FALSE
	EndGlobalSection
	GlobalSection(ExtensibilityGlobals) = postSolution
		SolutionGuid = {371EE881-CFED-498F-9A0F-76FB7254A501}
	EndGlobalSection
EndGlobal
