
Microsoft Visual Studio Solution File, Format Version 12.00
# Visual Studio Version 16
VisualStudioVersion = 16.0.30204.135
MinimumVisualStudioVersion = 10.0.40219.1
Project("{9A19103F-16F7-4668-BE54-9A1E7A4F7556}") = "SamplesProcessor", "Processor\SamplesProcessor.csproj", "{505FD60C-C7EE-44C0-9291-9A5AEA5F66D5}"
EndProject
Project("{2150E333-8FDC-42A3-9474-1A3956D46DE8}") = "Struct", "Struct", "{B6FF2FA9-8C62-4C70-976C-363F293EE518}"
EndProject
Project("{9A19103F-16F7-4668-BE54-9A1E7A4F7556}") = "StructSamples", "StructSamples\StructSamples.csproj", "{8B1664FB-1AED-4F73-811B-C9EA152AAF77}"
EndProject
Project("{2150E333-8FDC-42A3-9474-1A3956D46DE8}") = "Strings", "Strings", "{BCEAC1F6-EA30-4C7A-9D67-0433C1A7D880}"
EndProject
Project("{9A19103F-16F7-4668-BE54-9A1E7A4F7556}") = "Strings.StringSamples", "Strings.StringSamples\Strings.StringSamples.csproj", "{68E480C9-3AB0-4432-9204-D1B022A45209}"
EndProject
Project("{2150E333-8FDC-42A3-9474-1A3956D46DE8}") = "Dictionary", "Dictionary", "{B29F74D5-696C-4D17-9E53-B4CDB1B03D75}"
EndProject
Project("{FAE04EC0-301F-11D3-BF4B-00C04F79EFBC}") = "DictionarySamples", "DictionarySamples\DictionarySamples.csproj", "{53EA6BB4-68EE-4E19-8C68-DDA6DF640BB7}"
EndProject
Global
	GlobalSection(SolutionConfigurationPlatforms) = preSolution
		Debug|Any CPU = Debug|Any CPU
		Release|Any CPU = Release|Any CPU
	EndGlobalSection
	GlobalSection(ProjectConfigurationPlatforms) = postSolution
		{505FD60C-C7EE-44C0-9291-9A5AEA5F66D5}.Debug|Any CPU.ActiveCfg = Debug|Any CPU
		{505FD60C-C7EE-44C0-9291-9A5AEA5F66D5}.Debug|Any CPU.Build.0 = Debug|Any CPU
		{505FD60C-C7EE-44C0-9291-9A5AEA5F66D5}.Release|Any CPU.ActiveCfg = Release|Any CPU
		{505FD60C-C7EE-44C0-9291-9A5AEA5F66D5}.Release|Any CPU.Build.0 = Release|Any CPU
		{8B1664FB-1AED-4F73-811B-C9EA152AAF77}.Debug|Any CPU.ActiveCfg = Debug|Any CPU
		{8B1664FB-1AED-4F73-811B-C9EA152AAF77}.Debug|Any CPU.Build.0 = Debug|Any CPU
		{8B1664FB-1AED-4F73-811B-C9EA152AAF77}.Release|Any CPU.ActiveCfg = Release|Any CPU
		{8B1664FB-1AED-4F73-811B-C9EA152AAF77}.Release|Any CPU.Build.0 = Release|Any CPU
		{68E480C9-3AB0-4432-9204-D1B022A45209}.Debug|Any CPU.ActiveCfg = Debug|Any CPU
		{68E480C9-3AB0-4432-9204-D1B022A45209}.Debug|Any CPU.Build.0 = Debug|Any CPU
		{68E480C9-3AB0-4432-9204-D1B022A45209}.Release|Any CPU.ActiveCfg = Release|Any CPU
		{68E480C9-3AB0-4432-9204-D1B022A45209}.Release|Any CPU.Build.0 = Release|Any CPU
		{53EA6BB4-68EE-4E19-8C68-DDA6DF640BB7}.Debug|Any CPU.ActiveCfg = Debug|Any CPU
		{53EA6BB4-68EE-4E19-8C68-DDA6DF640BB7}.Debug|Any CPU.Build.0 = Debug|Any CPU
		{53EA6BB4-68EE-4E19-8C68-DDA6DF640BB7}.Release|Any CPU.ActiveCfg = Release|Any CPU
		{53EA6BB4-68EE-4E19-8C68-DDA6DF640BB7}.Release|Any CPU.Build.0 = Release|Any CPU
	EndGlobalSection
	GlobalSection(SolutionProperties) = preSolution
		HideSolutionNode = FALSE
	EndGlobalSection
	GlobalSection(NestedProjects) = preSolution
		{8B1664FB-1AED-4F73-811B-C9EA152AAF77} = {B6FF2FA9-8C62-4C70-976C-363F293EE518}
		{68E480C9-3AB0-4432-9204-D1B022A45209} = {BCEAC1F6-EA30-4C7A-9D67-0433C1A7D880}
		{53EA6BB4-68EE-4E19-8C68-DDA6DF640BB7} = {B29F74D5-696C-4D17-9E53-B4CDB1B03D75}
	EndGlobalSection
	GlobalSection(ExtensibilityGlobals) = postSolution
		SolutionGuid = {B0A23ABC-5B52-4503-B831-6254A550175E}
	EndGlobalSection
EndGlobal
